<?xml version="1.0" encoding="utf-8"?>
<Project ToolsVersion="4.0" xmlns="http://schemas.microsoft.com/developer/msbuild/2003">
  <ItemGroup>
    <ClCompile Include="Animations.cpp">
      <Filter>Source Files</Filter>
    </ClCompile>
    <ClCompile Include="Game.cpp">
      <Filter>Source Files</Filter>
    </ClCompile>
    <ClCompile Include="GameObject.cpp">
      <Filter>Source Files</Filter>
    </ClCompile>
    <ClCompile Include="PlayScence.cpp">
      <Filter>Source Files</Filter>
    </ClCompile>
    <ClCompile Include="Utils.cpp">
      <Filter>Source Files</Filter>
    </ClCompile>
    <ClCompile Include="Scence.cpp">
      <Filter>Source Files</Filter>
    </ClCompile>
    <ClCompile Include="Sprites.cpp">
      <Filter>Source Files</Filter>
    </ClCompile>
    <ClCompile Include="Textures.cpp">
      <Filter>Source Files</Filter>
    </ClCompile>
    <ClCompile Include="Map.cpp">
      <Filter>Map</Filter>
    </ClCompile>
    <ClCompile Include="Brick.cpp">
      <Filter>Objects</Filter>
    </ClCompile>
    <ClCompile Include="Goomba.cpp">
      <Filter>Objects</Filter>
    </ClCompile>
    <ClCompile Include="Koopas.cpp">
      <Filter>Objects</Filter>
    </ClCompile>
    <ClCompile Include="Mario.cpp">
      <Filter>Objects</Filter>
    </ClCompile>
    <ClCompile Include="Portal.cpp">
      <Filter>Objects</Filter>
    </ClCompile>
    <ClCompile Include="main.cpp" />
    <ClCompile Include="Block.cpp">
      <Filter>Objects</Filter>
    </ClCompile>
  </ItemGroup>
  <ItemGroup>
    <ClInclude Include="Animations.h">
      <Filter>Header Files</Filter>
    </ClInclude>
    <ClInclude Include="Game.h">
      <Filter>Header Files</Filter>
    </ClInclude>
    <ClInclude Include="Sprites.h">
      <Filter>Header Files</Filter>
    </ClInclude>
    <ClInclude Include="Textures.h">
      <Filter>Header Files</Filter>
    </ClInclude>
    <ClInclude Include="Scence.h">
      <Filter>Header Files</Filter>
    </ClInclude>
    <ClInclude Include="GameObject.h">
      <Filter>Header Files</Filter>
    </ClInclude>
    <ClInclude Include="Utils.h">
      <Filter>Header Files</Filter>
    </ClInclude>
    <ClInclude Include="PlayScence.h">
      <Filter>Header Files</Filter>
    </ClInclude>
    <ClInclude Include="KeyEventHandler.h">
      <Filter>Header Files</Filter>
    </ClInclude>
    <ClInclude Include="Map.h">
      <Filter>Map</Filter>
    </ClInclude>
    <ClInclude Include="Brick.h">
      <Filter>Objects</Filter>
    </ClInclude>
    <ClInclude Include="Goomba.h">
      <Filter>Objects</Filter>
    </ClInclude>
    <ClInclude Include="Koopas.h">
      <Filter>Objects</Filter>
    </ClInclude>
    <ClInclude Include="Mario.h">
      <Filter>Objects</Filter>
    </ClInclude>
    <ClInclude Include="Portal.h">
      <Filter>Objects</Filter>
    </ClInclude>
    <ClInclude Include="Block.h">
      <Filter>Objects</Filter>
    </ClInclude>
  </ItemGroup>
  <ItemGroup>
    <Filter Include="Header Files">
      <UniqueIdentifier>{9d47c256-c8b2-4ff6-bb7f-b5ac7445c474}</UniqueIdentifier>
    </Filter>
    <Filter Include="Source Files">
      <UniqueIdentifier>{b8260085-b273-4f86-a486-780582f389cd}</UniqueIdentifier>
    </Filter>
    <Filter Include="Map">
      <UniqueIdentifier>{85496d28-617e-4b8a-857f-16c78ec64ebe}</UniqueIdentifier>
    </Filter>
    <Filter Include="Objects">
      <UniqueIdentifier>{fef99781-b591-45dd-85d6-d5ac394b29f0}</UniqueIdentifier>
    </Filter>
  </ItemGroup>
</Project>